lockfileVersion: '9.0'

settings:
  autoInstallPeers: true
  excludeLinksFromLockfile: false

importers:

  .:
    dependencies:
      playwright-core:
        specifier: ^1.48.0
        version: 1.59.1
    devDependencies:
      postject:
        specifier: ^1.0.0-alpha.6
        version: 1.0.0-alpha.6

packages:

  commander@9.5.0:
    resolution: {integrity: sha512-KRs7WVDKg86PWiuAqhDrAQnTXZKraVcCc6vFdL14qrZ/DcWwuRo7VoiYXalXO7S5GKpqYiVEwCbgFDfxNHKJBQ==}
    engines: {node: ^12.20.0 || >=14}

  playwright-core@1.59.1:
    resolution: {integrity: sha512-HBV/RJg81z5BiiZ9yPzIiClYV/QMsDCKUyogwH9p3MCP6IYjUFu/MActgYAvK0oWyV9NlwM3GLBjADyWgydVyg==}
    engines: {node: '>=18'}
    hasBin: true

  postject@1.0.0-alpha.6:
    resolution: {integrity: sha512-b9Eb8h2eVqNE8edvKdwqkrY6O7kAwmI8kcnBv1NScolYJbo59XUF0noFq+lxbC1yN20bmC0WBEbDC5H/7ASb0A==}
    engines: {node: '>=14.0.0'}
    hasBin: true

snapshots:

  commander@9.5.0: {}

  playwright-core@1.59.1: {}

  postject@1.0.0-alpha.6:
    dependencies:
      commander: 9.5.0
